
Microsoft Visual Studio Solution File, Format Version 12.00
# Visual Studio Version 17
VisualStudioVersion = 17.8.34511.84
MinimumVisualStudioVersion = 10.0.40219.1
Project("{FAE04EC0-301F-11D3-BF4B-00C04F79EFBC}") = "api", "api.csproj", "{203E9E12-4C08-4A76-9CDF-511B1F620AEC}"
EndProject
Project("{FAE04EC0-301F-11D3-BF4B-00C04F79EFBC}") = "DataAccess", "..\DataAccess\DataAccess.csproj", "{2B9DDB92-D93D-43AE-B232-938693A7DA03}"
EndProject
Global
	GlobalSection(SolutionConfigurationPlatforms) = preSolution
		Debug|Any CPU = Debug|Any CPU
		Release|Any CPU = Release|Any CPU
	EndGlobalSection
	GlobalSection(ProjectConfigurationPlatforms) = postSolution
		{203E9E12-4C08-4A76-9CDF-511B1F620AEC}.Debug|Any CPU.ActiveCfg = Debug|Any CPU
		{203E9E12-4C08-4A76-9CDF-511B1F620AEC}.Debug|Any CPU.Build.0 = Debug|Any CPU
		{203E9E12-4C08-4A76-9CDF-511B1F620AEC}.Release|Any CPU.ActiveCfg = Release|Any CPU
		{203E9E12-4C08-4A76-9CDF-511B1F620AEC}.Release|Any CPU.Build.0 = Release|Any CPU
		{2B9DDB92-D93D-43AE-B232-938693A7DA03}.Debug|Any CPU.ActiveCfg = Debug|Any CPU
		{2B9DDB92-D93D-43AE-B232-938693A7DA03}.Debug|Any CPU.Build.0 = Debug|Any CPU
		{2B9DDB92-D93D-43AE-B232-938693A7DA03}.Release|Any CPU.ActiveCfg = Release|Any CPU
		{2B9DDB92-D93D-43AE-B232-938693A7DA03}.Release|Any CPU.Build.0 = Release|Any CPU
	EndGlobalSection
	GlobalSection(SolutionProperties) = preSolution
		HideSolutionNode = FALSE
	EndGlobalSection
	GlobalSection(ExtensibilityGlobals) = postSolution
		SolutionGuid = {AD26F47F-97CF-40D8-BCB4-4BEEF5252F3A}
	EndGlobalSection
EndGlobal
